
Microsoft Visual Studio Solution File, Format Version 12.00
# Visual Studio Version 17
VisualStudioVersion = 17.8.34316.72
MinimumVisualStudioVersion = 10.0.40219.1
Project("{FAE04EC0-301F-11D3-BF4B-00C04F79EFBC}") = "IcarusDroneManager", "IcarusDroneManager\IcarusDroneManager.csproj", "{9CD0D9B7-43C4-4426-BAC2-3908DCC89FB9}"
EndProject
Global
	GlobalSection(SolutionConfigurationPlatforms) = preSolution
		Debug|Any CPU = Debug|Any CPU
		Release|Any CPU = Release|Any CPU
	EndGlobalSection
	GlobalSection(ProjectConfigurationPlatforms) = postSolution
		{9CD0D9B7-43C4-4426-BAC2-3908DCC89FB9}.Debug|Any CPU.ActiveCfg = Debug|Any CPU
		{9CD0D9B7-43C4-4426-BAC2-3908DCC89FB9}.Debug|Any CPU.Build.0 = Debug|Any CPU
		{9CD0D9B7-43C4-4426-BAC2-3908DCC89FB9}.Release|Any CPU.ActiveCfg = Release|Any CPU
		{9CD0D9B7-43C4-4426-BAC2-3908DCC89FB9}.Release|Any CPU.Build.0 = Release|Any CPU
	EndGlobalSection
	GlobalSection(SolutionProperties) = preSolution
		HideSolutionNode = FALSE
	EndGlobalSection
	GlobalSection(ExtensibilityGlobals) = postSolution
		SolutionGuid = {7F34B4A1-66A7-45DA-9618-68668C91CA7A}
	EndGlobalSection
EndGlobal
